
Microsoft Visual Studio Solution File, Format Version 12.00
# Visual Studio Version 17
VisualStudioVersion = 17.13.35818.85 d17.13
MinimumVisualStudioVersion = 10.0.40219.1
Project("{FAE04EC0-301F-11D3-BF4B-00C04F79EFBC}") = "tpMod3", "tpMod3\tpMod3.csproj", "{110D2B0E-148F-4E84-B91B-0D6127AF3D1F}"
EndProject
Global
	GlobalSection(SolutionConfigurationPlatforms) = preSolution
		Debug|Any CPU = Debug|Any CPU
		Release|Any CPU = Release|Any CPU
	EndGlobalSection
	GlobalSection(ProjectConfigurationPlatforms) = postSolution
		{110D2B0E-148F-4E84-B91B-0D6127AF3D1F}.Debug|Any CPU.ActiveCfg = Debug|Any CPU
		{110D2B0E-148F-4E84-B91B-0D6127AF3D1F}.Debug|Any CPU.Build.0 = Debug|Any CPU
		{110D2B0E-148F-4E84-B91B-0D6127AF3D1F}.Release|Any CPU.ActiveCfg = Release|Any CPU
		{110D2B0E-148F-4E84-B91B-0D6127AF3D1F}.Release|Any CPU.Build.0 = Release|Any CPU
	EndGlobalSection
	GlobalSection(SolutionProperties) = preSolution
		HideSolutionNode = FALSE
	EndGlobalSection
	GlobalSection(ExtensibilityGlobals) = postSolution
		SolutionGuid = {534365FD-F7B1-48C9-BAC1-88BDDA14EE8B}
	EndGlobalSection
EndGlobal
